# THIS IS AN AUTOGENERATED FILE. DO NOT EDIT THIS FILE DIRECTLY.
# yarn lockfile v1


calculate-utils-test@^0.0.0-both:
  version "0.0.0-both"
  resolved "https://registry.yarnpkg.com/calculate-utils-test/-/calculate-utils-test-0.0.0-both.tgz#16bb743759b278efb0663118ba9caea51455064e"
  integrity sha512-v7nQt5EKcoP1O5CRd+MHmG0vBD6PoE9RSgzaWzmbgUNxyIXqKHIWfj+vzeZee7i/5idbyzOCxRzMdrLOFjuC6Q==
