# THIS IS AN AUTOGENERATED FILE. DO NOT EDIT THIS FILE DIRECTLY.
# yarn lockfile v1


calculate-utils-test@0.0.0-onlyESM:
  version "0.0.0-onlyESM"
  resolved "https://registry.yarnpkg.com/calculate-utils-test/-/calculate-utils-test-0.0.0-onlyESM.tgz#df1efd69ab5a2fec738c9b4e032317cd7b4275c4"
  integrity sha512-vAHy6AAXhhDFhcDHuJzxW7MBJsJsqkDp9DNynW9PpS+br62iws/D+4i6XFS3wr12XPPcnmU3cclAqVI4O4yj3Q==
